// !$*UTF8*$!
{
	archiveVersion = 1;
	classes = {
	};
	objectVersion = 46;
	objects = {

/* Begin PBXBuildFile section */
		B64A7ED91F2058EC00D2CF2D /* RadialProgressView.swift in Sources */ = {isa = PBXBuildFile; fileRef = B64A7ED81F2058EC00D2CF2D /* RadialProgressView.swift */; };
		B666338F1F0337A100AD5966 /* AppDelegate.swift in Sources */ = {isa = PBXBuildFile; fileRef = B666338E1F0337A100AD5966 /* AppDelegate.swift */; };
		B66633911F0337A100AD5966 /* LoginViewController.swift in Sources */ = {isa = PBXBuildFile; fileRef = B66633901F0337A100AD5966 /* LoginViewController.swift */; };
		B66633941F0337A100AD5966 /* Main.storyboard in Resources */ = {isa = PBXBuildFile; fileRef = B66633921F0337A100AD5966 /* Main.storyboard */; };
		B66633961F0337A100AD5966 /* Assets.xcassets in Resources */ = {isa = PBXBuildFile; fileRef = B66633951F0337A100AD5966 /* Assets.xcassets */; };
		B66633991F0337A100AD5966 /* LaunchScreen.storyboard in Resources */ = {isa = PBXBuildFile; fileRef = B66633971F0337A100AD5966 /* LaunchScreen.storyboard */; };
		B66633A11F034C5500AD5966 /* GoogleService-Info.plist in Resources */ = {isa = PBXBuildFile; fileRef = B66633A01F034C5500AD5966 /* GoogleService-Info.plist */; };
		B66633A31F0356D400AD5966 /* User.swift in Sources */ = {isa = PBXBuildFile; fileRef = B66633A21F0356D300AD5966 /* User.swift */; };
		B67CC3851F041EF100B69C93 /* ProfileTableViewController.swift in Sources */ = {isa = PBXBuildFile; fileRef = B67CC3841F041EF100B69C93 /* ProfileTableViewController.swift */; };
		B67CC3871F056D9C00B69C93 /* ReportTableViewController.swift in Sources */ = {isa = PBXBuildFile; fileRef = B67CC3861F056D9C00B69C93 /* ReportTableViewController.swift */; };
		B67CC3891F0697E700B69C93 /* Report.swift in Sources */ = {isa = PBXBuildFile; fileRef = B67CC3881F0697E700B69C93 /* Report.swift */; };
		B69B0D481F3046EA00537BEA /* Functions.swift in Sources */ = {isa = PBXBuildFile; fileRef = B69B0D471F3046EA00537BEA /* Functions.swift */; };
		B6A561751F116F3B00F1A0C7 /* ProfileSettingsTableViewController.swift in Sources */ = {isa = PBXBuildFile; fileRef = B6A561741F116F3B00F1A0C7 /* ProfileSettingsTableViewController.swift */; };
		B6A561771F196A2100F1A0C7 /* WeeklyReportTableViewController.swift in Sources */ = {isa = PBXBuildFile; fileRef = B6A561761F196A2000F1A0C7 /* WeeklyReportTableViewController.swift */; };
		B6A561791F196D3200F1A0C7 /* WeeklyReport.swift in Sources */ = {isa = PBXBuildFile; fileRef = B6A561781F196D3200F1A0C7 /* WeeklyReport.swift */; };
		B6AD0E911F2BF5320091350A /* PickTeamTableViewController.swift in Sources */ = {isa = PBXBuildFile; fileRef = B6AD0E901F2BF5320091350A /* PickTeamTableViewController.swift */; };
		B6AD0E931F2BF5460091350A /* TeamProfileTableViewController.swift in Sources */ = {isa = PBXBuildFile; fileRef = B6AD0E921F2BF5460091350A /* TeamProfileTableViewController.swift */; };
		B6AD0E951F2BF8C60091350A /* Team.swift in Sources */ = {isa = PBXBuildFile; fileRef = B6AD0E941F2BF8C60091350A /* Team.swift */; };
		B6AD0E971F2E1DB50091350A /* TeamMember.swift in Sources */ = {isa = PBXBuildFile; fileRef = B6AD0E961F2E1DB50091350A /* TeamMember.swift */; };
		C1825EC38A3700232B8CF691 /* Pods_ReviveFitness.framework in Frameworks */ = {isa = PBXBuildFile; fileRef = EC10C922A255CAEDB00A8BDE /* Pods_ReviveFitness.framework */; };
/* End PBXBuildFile section */

/* Begin PBXFileReference section */
		71F1FA24943EB98F72C31F72 /* Pods-ReviveFitness.debug.xcconfig */ = {isa = PBXFileReference; includeInIndex = 1; lastKnownFileType = text.xcconfig; name = "Pods-ReviveFitness.debug.xcconfig"; path = "Pods/Target Support Files/Pods-ReviveFitness/Pods-ReviveFitness.debug.xcconfig"; sourceTree = "<group>"; };
		B64A7ED81F2058EC00D2CF2D /* RadialProgressView.swift */ = {isa = PBXFileReference; fileEncoding = 4; lastKnownFileType = sourcecode.swift; path = RadialProgressView.swift; sourceTree = "<group>"; };
		B666338B1F0337A100AD5966 /* ReviveFitness.app */ = {isa = PBXFileReference; explicitFileType = wrapper.application; includeInIndex = 0; path = ReviveFitness.app; sourceTree = BUILT_PRODUCTS_DIR; };
		B666338E1F0337A100AD5966 /* AppDelegate.swift */ = {isa = PBXFileReference; lastKnownFileType = sourcecode.swift; path = AppDelegate.swift; sourceTree = "<group>"; };
		B66633901F0337A100AD5966 /* LoginViewController.swift */ = {isa = PBXFileReference; lastKnownFileType = sourcecode.swift; path = LoginViewController.swift; sourceTree = "<group>"; };
		B66633931F0337A100AD5966 /* Base */ = {isa = PBXFileReference; lastKnownFileType = file.storyboard; name = Base; path = Base.lproj/Main.storyboard; sourceTree = "<group>"; };
		B66633951F0337A100AD5966 /* Assets.xcassets */ = {isa = PBXFileReference; lastKnownFileType = folder.assetcatalog; path = Assets.xcassets; sourceTree = "<group>"; };
		B66633981F0337A100AD5966 /* Base */ = {isa = PBXFileReference; lastKnownFileType = file.storyboard; name = Base; path = Base.lproj/LaunchScreen.storyboard; sourceTree = "<group>"; };
		B666339A1F0337A100AD5966 /* Info.plist */ = {isa = PBXFileReference; lastKnownFileType = text.plist.xml; path = Info.plist; sourceTree = "<group>"; };
		B66633A01F034C5500AD5966 /* GoogleService-Info.plist */ = {isa = PBXFileReference; fileEncoding = 4; lastKnownFileType = text.plist.xml; path = "GoogleService-Info.plist"; sourceTree = "<group>"; };
		B66633A21F0356D300AD5966 /* User.swift */ = {isa = PBXFileReference; fileEncoding = 4; lastKnownFileType = sourcecode.swift; path = User.swift; sourceTree = "<group>"; };
		B67CC3841F041EF100B69C93 /* ProfileTableViewController.swift */ = {isa = PBXFileReference; fileEncoding = 4; lastKnownFileType = sourcecode.swift; path = ProfileTableViewController.swift; sourceTree = "<group>"; };
		B67CC3861F056D9C00B69C93 /* ReportTableViewController.swift */ = {isa = PBXFileReference; fileEncoding = 4; lastKnownFileType = sourcecode.swift; path = ReportTableViewController.swift; sourceTree = "<group>"; };
		B67CC3881F0697E700B69C93 /* Report.swift */ = {isa = PBXFileReference; fileEncoding = 4; lastKnownFileType = sourcecode.swift; path = Report.swift; sourceTree = "<group>"; };
		B69B0D471F3046EA00537BEA /* Functions.swift */ = {isa = PBXFileReference; fileEncoding = 4; lastKnownFileType = sourcecode.swift; path = Functions.swift; sourceTree = "<group>"; };
		B6A561741F116F3B00F1A0C7 /* ProfileSettingsTableViewController.swift */ = {isa = PBXFileReference; fileEncoding = 4; lastKnownFileType = sourcecode.swift; path = ProfileSettingsTableViewController.swift; sourceTree = "<group>"; };
		B6A561761F196A2000F1A0C7 /* WeeklyReportTableViewController.swift */ = {isa = PBXFileReference; fileEncoding = 4; lastKnownFileType = sourcecode.swift; path = WeeklyReportTableViewController.swift; sourceTree = "<group>"; };
		B6A561781F196D3200F1A0C7 /* WeeklyReport.swift */ = {isa = PBXFileReference; fileEncoding = 4; lastKnownFileType = sourcecode.swift; path = WeeklyReport.swift; sourceTree = "<group>"; };
		B6AD0E901F2BF5320091350A /* PickTeamTableViewController.swift */ = {isa = PBXFileReference; fileEncoding = 4; lastKnownFileType = sourcecode.swift; path = PickTeamTableViewController.swift; sourceTree = "<group>"; };
		B6AD0E921F2BF5460091350A /* TeamProfileTableViewController.swift */ = {isa = PBXFileReference; fileEncoding = 4; lastKnownFileType = sourcecode.swift; path = TeamProfileTableViewController.swift; sourceTree = "<group>"; };
		B6AD0E941F2BF8C60091350A /* Team.swift */ = {isa = PBXFileReference; fileEncoding = 4; lastKnownFileType = sourcecode.swift; path = Team.swift; sourceTree = "<group>"; };
		B6AD0E961F2E1DB50091350A /* TeamMember.swift */ = {isa = PBXFileReference; fileEncoding = 4; lastKnownFileType = sourcecode.swift; path = TeamMember.swift; sourceTree = "<group>"; };
		EA470CA725A65E58DA65E5D5 /* Pods-ReviveFitness.release.xcconfig */ = {isa = PBXFileReference; includeInIndex = 1; lastKnownFileType = text.xcconfig; name = "Pods-ReviveFitness.release.xcconfig"; path = "Pods/Target Support Files/Pods-ReviveFitness/Pods-ReviveFitness.release.xcconfig"; sourceTree = "<group>"; };
		EC10C922A255CAEDB00A8BDE /* Pods_ReviveFitness.framework */ = {isa = PBXFileReference; explicitFileType = wrapper.framework; includeInIndex = 0; path = Pods_ReviveFitness.framework; sourceTree = BUILT_PRODUCTS_DIR; };
/* End PBXFileReference section */

/* Begin PBXFrameworksBuildPhase section */
		B66633881F0337A100AD5966 /* Frameworks */ = {
			isa = PBXFrameworksBuildPhase;
			buildActionMask = 2147483647;
			files = (
				C1825EC38A3700232B8CF691 /* Pods_ReviveFitness.framework in Frameworks */,
			);
			runOnlyForDeploymentPostprocessing = 0;
		};
/* End PBXFrameworksBuildPhase section */

/* Begin PBXGroup section */
		B66633821F0337A100AD5966 = {
			isa = PBXGroup;
			children = (
				B666338D1F0337A100AD5966 /* ReviveFitness */,
				B666338C1F0337A100AD5966 /* Products */,
				DB4B522BF7485963EB8E7F7C /* Pods */,
				BD3284F9B062266AFBA50D98 /* Frameworks */,
			);
			sourceTree = "<group>";
		};
		B666338C1F0337A100AD5966 /* Products */ = {
			isa = PBXGroup;
			children = (
				B666338B1F0337A100AD5966 /* ReviveFitness.app */,
			);
			name = Products;
			sourceTree = "<group>";
		};
		B666338D1F0337A100AD5966 /* ReviveFitness */ = {
			isa = PBXGroup;
			children = (
				B666338E1F0337A100AD5966 /* AppDelegate.swift */,
				B69B0D471F3046EA00537BEA /* Functions.swift */,
				B66633A21F0356D300AD5966 /* User.swift */,
				B67CC3881F0697E700B69C93 /* Report.swift */,
				B6A561781F196D3200F1A0C7 /* WeeklyReport.swift */,
				B6AD0E941F2BF8C60091350A /* Team.swift */,
				B66633901F0337A100AD5966 /* LoginViewController.swift */,
				B6A561741F116F3B00F1A0C7 /* ProfileSettingsTableViewController.swift */,
				B6AD0E901F2BF5320091350A /* PickTeamTableViewController.swift */,
				B67CC3841F041EF100B69C93 /* ProfileTableViewController.swift */,
				B6AD0E961F2E1DB50091350A /* TeamMember.swift */,
				B6AD0E921F2BF5460091350A /* TeamProfileTableViewController.swift */,
				B67CC3861F056D9C00B69C93 /* ReportTableViewController.swift */,
				B6A561761F196A2000F1A0C7 /* WeeklyReportTableViewController.swift */,
				B64A7ED81F2058EC00D2CF2D /* RadialProgressView.swift */,
				B66633921F0337A100AD5966 /* Main.storyboard */,
				B66633951F0337A100AD5966 /* Assets.xcassets */,
				B66633971F0337A100AD5966 /* LaunchScreen.storyboard */,
				B666339A1F0337A100AD5966 /* Info.plist */,
				B66633A01F034C5500AD5966 /* GoogleService-Info.plist */,
			);
			path = ReviveFitness;
			sourceTree = "<group>";
		};
		BD3284F9B062266AFBA50D98 /* Frameworks */ = {
			isa = PBXGroup;
			children = (
				EC10C922A255CAEDB00A8BDE /* Pods_ReviveFitness.framework */,
			);
			name = Frameworks;
			sourceTree = "<group>";
		};
		DB4B522BF7485963EB8E7F7C /* Pods */ = {
			isa = PBXGroup;
			children = (
				71F1FA24943EB98F72C31F72 /* Pods-ReviveFitness.debug.xcconfig */,
				EA470CA725A65E58DA65E5D5 /* Pods-ReviveFitness.release.xcconfig */,
			);
			name = Pods;
			sourceTree = "<group>";
		};
/* End PBXGroup section */

/* Begin PBXNativeTarget section */
		B666338A1F0337A100AD5966 /* ReviveFitness */ = {
			isa = PBXNativeTarget;
			buildConfigurationList = B666339D1F0337A100AD5966 /* Build configuration list for PBXNativeTarget "ReviveFitness" */;
			buildPhases = (
				349A20AD404B598E1CA40C07 /* [CP] Check Pods Manifest.lock */,
				B66633871F0337A100AD5966 /* Sources */,
				B66633881F0337A100AD5966 /* Frameworks */,
				B66633891F0337A100AD5966 /* Resources */,
				B4C943F433E140F2B56D4A43 /* [CP] Embed Pods Frameworks */,
				F41F9392A51F2D9BB435C6C7 /* [CP] Copy Pods Resources */,
			);
			buildRules = (
			);
			dependencies = (
			);
			name = ReviveFitness;
			productName = ReviveFitness;
			productReference = B666338B1F0337A100AD5966 /* ReviveFitness.app */;
			productType = "com.apple.product-type.application";
		};
/* End PBXNativeTarget section */

/* Begin PBXProject section */
		B66633831F0337A100AD5966 /* Project object */ = {
			isa = PBXProject;
			attributes = {
				LastSwiftUpdateCheck = 0830;
				LastUpgradeCheck = 0830;
				ORGANIZATIONNAME = "Dominic Holmes";
				TargetAttributes = {
					B666338A1F0337A100AD5966 = {
						CreatedOnToolsVersion = 8.3.3;
						DevelopmentTeam = 374VQ98E23;
						ProvisioningStyle = Automatic;
					};
				};
			};
			buildConfigurationList = B66633861F0337A100AD5966 /* Build configuration list for PBXProject "ReviveFitness" */;
			compatibilityVersion = "Xcode 3.2";
			developmentRegion = English;
			hasScannedForEncodings = 0;
			knownRegions = (
				en,
				Base,
			);
			mainGroup = B66633821F0337A100AD5966;
			productRefGroup = B666338C1F0337A100AD5966 /* Products */;
			projectDirPath = "";
			projectRoot = "";
			targets = (
				B666338A1F0337A100AD5966 /* ReviveFitness */,
			);
		};
/* End PBXProject section */

/* Begin PBXResourcesBuildPhase section */
		B66633891F0337A100AD5966 /* Resources */ = {
			isa = PBXResourcesBuildPhase;
			buildActionMask = 2147483647;
			files = (
				B66633991F0337A100AD5966 /* LaunchScreen.storyboard in Resources */,
				B66633A11F034C5500AD5966 /* GoogleService-Info.plist in Resources */,
				B66633961F0337A100AD5966 /* Assets.xcassets in Resources */,
				B66633941F0337A100AD5966 /* Main.storyboard in Resources */,
			);
			runOnlyForDeploymentPostprocessing = 0;
		};
/* End PBXResourcesBuildPhase section */

/* Begin PBXShellScriptBuildPhase section */
		349A20AD404B598E1CA40C07 /* [CP] Check Pods Manifest.lock */ = {
			isa = PBXShellScriptBuildPhase;
			buildActionMask = 2147483647;
			files = (
			);
			inputPaths = (
			);
			name = "[CP] Check Pods Manifest.lock";
			outputPaths = (
			);
			runOnlyForDeploymentPostprocessing = 0;
			shellPath = /bin/sh;
			shellScript = "diff \"${PODS_PODFILE_DIR_PATH}/Podfile.lock\" \"${PODS_ROOT}/Manifest.lock\" > /dev/null\nif [ $? != 0 ] ; then\n    # print error to STDERR\n    echo \"error: The sandbox is not in sync with the Podfile.lock. Run 'pod install' or update your CocoaPods installation.\" >&2\n    exit 1\nfi\n";
			showEnvVarsInLog = 0;
		};
		B4C943F433E140F2B56D4A43 /* [CP] Embed Pods Frameworks */ = {
			isa = PBXShellScriptBuildPhase;
			buildActionMask = 2147483647;
			files = (
			);
			inputPaths = (
			);
			name = "[CP] Embed Pods Frameworks";
			outputPaths = (
			);
			runOnlyForDeploymentPostprocessing = 0;
			shellPath = /bin/sh;
			shellScript = "\"${SRCROOT}/Pods/Target Support Files/Pods-ReviveFitness/Pods-ReviveFitness-frameworks.sh\"\n";
			showEnvVarsInLog = 0;
		};
		F41F9392A51F2D9BB435C6C7 /* [CP] Copy Pods Resources */ = {
			isa = PBXShellScriptBuildPhase;
			buildActionMask = 2147483647;
			files = (
			);
			inputPaths = (
			);
			name = "[CP] Copy Pods Resources";
			outputPaths = (
			);
			runOnlyForDeploymentPostprocessing = 0;
			shellPath = /bin/sh;
			shellScript = "\"${SRCROOT}/Pods/Target Support Files/Pods-ReviveFitness/Pods-ReviveFitness-resources.sh\"\n";
			showEnvVarsInLog = 0;
		};
/* End PBXShellScriptBuildPhase section */

/* Begin PBXSourcesBuildPhase section */
		B66633871F0337A100AD5966 /* Sources */ = {
			isa = PBXSourcesBuildPhase;
			buildActionMask = 2147483647;
			files = (
				B64A7ED91F2058EC00D2CF2D /* RadialProgressView.swift in Sources */,
				B66633911F0337A100AD5966 /* LoginViewController.swift in Sources */,
				B6AD0E951F2BF8C60091350A /* Team.swift in Sources */,
				B6A561751F116F3B00F1A0C7 /* ProfileSettingsTableViewController.swift in Sources */,
				B6AD0E971F2E1DB50091350A /* TeamMember.swift in Sources */,
				B67CC3851F041EF100B69C93 /* ProfileTableViewController.swift in Sources */,
				B6AD0E911F2BF5320091350A /* PickTeamTableViewController.swift in Sources */,
				B6A561791F196D3200F1A0C7 /* WeeklyReport.swift in Sources */,
				B69B0D481F3046EA00537BEA /* Functions.swift in Sources */,
				B6AD0E931F2BF5460091350A /* TeamProfileTableViewController.swift in Sources */,
				B666338F1F0337A100AD5966 /* AppDelegate.swift in Sources */,
				B6A561771F196A2100F1A0C7 /* WeeklyReportTableViewController.swift in Sources */,
				B67CC3871F056D9C00B69C93 /* ReportTableViewController.swift in Sources */,
				B66633A31F0356D400AD5966 /* User.swift in Sources */,
				B67CC3891F0697E700B69C93 /* Report.swift in Sources */,
			);
			runOnlyForDeploymentPostprocessing = 0;
		};
/* End PBXSourcesBuildPhase section */

/* Begin PBXVariantGroup section */
		B66633921F0337A100AD5966 /* Main.storyboard */ = {
			isa = PBXVariantGroup;
			children = (
				B66633931F0337A100AD5966 /* Base */,
			);
			name = Main.storyboard;
			sourceTree = "<group>";
		};
		B66633971F0337A100AD5966 /* LaunchScreen.storyboard */ = {
			isa = PBXVariantGroup;
			children = (
				B66633981F0337A100AD5966 /* Base */,
			);
			name = LaunchScreen.storyboard;
			sourceTree = "<group>";
		};
/* End PBXVariantGroup section */

/* Begin XCBuildConfiguration section */
		B666339B1F0337A100AD5966 /* Debug */ = {
			isa = XCBuildConfiguration;
			buildSettings = {
				ALWAYS_SEARCH_USER_PATHS = NO;
				CLANG_ANALYZER_NONNULL = YES;
				CLANG_ANALYZER_NUMBER_OBJECT_CONVERSION = YES_AGGRESSIVE;
				CLANG_CXX_LANGUAGE_STANDARD = "gnu++0x";
				CLANG_CXX_LIBRARY = "libc++";
				CLANG_ENABLE_MODULES = YES;
				CLANG_ENABLE_OBJC_ARC = YES;
				CLANG_WARN_BOOL_CONVERSION = YES;
				CLANG_WARN_CONSTANT_CONVERSION = YES;
				CLANG_WARN_DIRECT_OBJC_ISA_USAGE = YES_ERROR;
				CLANG_WARN_DOCUMENTATION_COMMENTS = YES;
				CLANG_WARN_EMPTY_BODY = YES;
				CLANG_WARN_ENUM_CONVERSION = YES;
				CLANG_WARN_INFINITE_RECURSION = YES;
				CLANG_WARN_INT_CONVERSION = YES;
				CLANG_WARN_OBJC_ROOT_CLASS = YES_ERROR;
				CLANG_WARN_SUSPICIOUS_MOVE = YES;
				CLANG_WARN_UNREACHABLE_CODE = YES;
				CLANG_WARN__DUPLICATE_METHOD_MATCH = YES;
				"CODE_SIGN_IDENTITY[sdk=iphoneos*]" = "iPhone Developer";
				COPY_PHASE_STRIP = NO;
				DEBUG_INFORMATION_FORMAT = dwarf;
				ENABLE_STRICT_OBJC_MSGSEND = YES;
				ENABLE_TESTABILITY = YES;
				GCC_C_LANGUAGE_STANDARD = gnu99;
				GCC_DYNAMIC_NO_PIC = NO;
				GCC_NO_COMMON_BLOCKS = YES;
				GCC_OPTIMIZATION_LEVEL = 0;
				GCC_PREPROCESSOR_DEFINITIONS = (
					"DEBUG=1",
					"$(inherited)",
				);
				GCC_WARN_64_TO_32_BIT_CONVERSION = YES;
				GCC_WARN_ABOUT_RETURN_TYPE = YES_ERROR;
				GCC_WARN_UNDECLARED_SELECTOR = YES;
				GCC_WARN_UNINITIALIZED_AUTOS = YES_AGGRESSIVE;
				GCC_WARN_UNUSED_FUNCTION = YES;
				GCC_WARN_UNUSED_VARIABLE = YES;
				IPHONEOS_DEPLOYMENT_TARGET = 10.3;
				MTL_ENABLE_DEBUG_INFO = YES;
				ONLY_ACTIVE_ARCH = YES;
				SDKROOT = iphoneos;
				SWIFT_ACTIVE_COMPILATION_CONDITIONS = DEBUG;
				SWIFT_OPTIMIZATION_LEVEL = "-Onone";
			};
			name = Debug;
		};
		B666339C1F0337A100AD5966 /* Release */ = {
			isa = XCBuildConfiguration;
			buildSettings = {
				ALWAYS_SEARCH_USER_PATHS = NO;
				CLANG_ANALYZER_NONNULL = YES;
				CLANG_ANALYZER_NUMBER_OBJECT_CONVERSION = YES_AGGRESSIVE;
				CLANG_CXX_LANGUAGE_STANDARD = "gnu++0x";
				CLANG_CXX_LIBRARY = "libc++";
				CLANG_ENABLE_MODULES = YES;
				CLANG_ENABLE_OBJC_ARC = YES;
				CLANG_WARN_BOOL_CONVERSION = YES;
				CLANG_WARN_CONSTANT_CONVERSION = YES;
				CLANG_WARN_DIRECT_OBJC_ISA_USAGE = YES_ERROR;
				CLANG_WARN_DOCUMENTATION_COMMENTS = YES;
				CLANG_WARN_EMPTY_BODY = YES;
				CLANG_WARN_ENUM_CONVERSION = YES;
				CLANG_WARN_INFINITE_RECURSION = YES;
				CLANG_WARN_INT_CONVERSION = YES;
				CLANG_WARN_OBJC_ROOT_CLASS = YES_ERROR;
				CLANG_WARN_SUSPICIOUS_MOVE = YES;
				CLANG_WARN_UNREACHABLE_CODE = YES;
				CLANG_WARN__DUPLICATE_METHOD_MATCH = YES;
				"CODE_SIGN_IDENTITY[sdk=iphoneos*]" = "iPhone Developer";
				COPY_PHASE_STRIP = NO;
				DEBUG_INFORMATION_FORMAT = "dwarf-with-dsym";
				ENABLE_NS_ASSERTIONS = NO;
				ENABLE_STRICT_OBJC_MSGSEND = YES;
				GCC_C_LANGUAGE_STANDARD = gnu99;
				GCC_NO_COMMON_BLOCKS = YES;
				GCC_WARN_64_TO_32_BIT_CONVERSION = YES;
				GCC_WARN_ABOUT_RETURN_TYPE = YES_ERROR;
				GCC_WARN_UNDECLARED_SELECTOR = YES;
				GCC_WARN_UNINITIALIZED_AUTOS = YES_AGGRESSIVE;
				GCC_WARN_UNUSED_FUNCTION = YES;
				GCC_WARN_UNUSED_VARIABLE = YES;
				IPHONEOS_DEPLOYMENT_TARGET = 10.3;
				MTL_ENABLE_DEBUG_INFO = NO;
				SDKROOT = iphoneos;
				SWIFT_OPTIMIZATION_LEVEL = "-Owholemodule";
				VALIDATE_PRODUCT = YES;
			};
			name = Release;
		};
		B666339E1F0337A100AD5966 /* Debug */ = {
			isa = XCBuildConfiguration;
			baseConfigurationReference = 71F1FA24943EB98F72C31F72 /* Pods-ReviveFitness.debug.xcconfig */;
			buildSettings = {
				ASSETCATALOG_COMPILER_APPICON_NAME = AppIcon;
				DEVELOPMENT_TEAM = 374VQ98E23;
				INFOPLIST_FILE = ReviveFitness/Info.plist;
				LD_RUNPATH_SEARCH_PATHS = "$(inherited) @executable_path/Frameworks";
				PRODUCT_BUNDLE_IDENTIFIER = DominicHolmes.ReviveFitness;
				PRODUCT_NAME = "$(TARGET_NAME)";
				SWIFT_VERSION = 3.0;
			};
			name = Debug;
		};
		B666339F1F0337A100AD5966 /* Release */ = {
			isa = XCBuildConfiguration;
			baseConfigurationReference = EA470CA725A65E58DA65E5D5 /* Pods-ReviveFitness.release.xcconfig */;
			buildSettings = {
				ASSETCATALOG_COMPILER_APPICON_NAME = AppIcon;
				DEVELOPMENT_TEAM = 374VQ98E23;
				INFOPLIST_FILE = ReviveFitness/Info.plist;
				LD_RUNPATH_SEARCH_PATHS = "$(inherited) @executable_path/Frameworks";
				PRODUCT_BUNDLE_IDENTIFIER = DominicHolmes.ReviveFitness;
				PRODUCT_NAME = "$(TARGET_NAME)";
				SWIFT_VERSION = 3.0;
			};
			name = Release;
		};
/* End XCBuildConfiguration section */

/* Begin XCConfigurationList section */
		B66633861F0337A100AD5966 /* Build configuration list for PBXProject "ReviveFitness" */ = {
			isa = XCConfigurationList;
			buildConfigurations = (
				B666339B1F0337A100AD5966 /* Debug */,
				B666339C1F0337A100AD5966 /* Release */,
			);
			defaultConfigurationIsVisible = 0;
			defaultConfigurationName = Release;
		};
		B666339D1F0337A100AD5966 /* Build configuration list for PBXNativeTarget "ReviveFitness" */ = {
			isa = XCConfigurationList;
			buildConfigurations = (
				B666339E1F0337A100AD5966 /* Debug */,
				B666339F1F0337A100AD5966 /* Release */,
			);
			defaultConfigurationIsVisible = 0;
			defaultConfigurationName = Release;
		};
/* End XCConfigurationList section */
	};
	rootObject = B66633831F0337A100AD5966 /* Project object */;
}
